schema: '2.0'
stages:
  preprocess:
    cmd: python src/preprocess.py
    deps:
    - path: data/raw/iris.csv
      hash: md5
      md5: 4bb1a88c88be36dccdeb2cc60f51bcff
      size: 4600
    - path: src/preprocess.py
      hash: md5
      md5: bb717a0f2913df00635d901f730b09b9
      size: 410
    outs:
    - path: data/processed.csv
      hash: md5
      md5: b975c8f12da10368db2920e3290ebfa5
      size: 4752
  train:
    cmd: python src/train.py
    deps:
    - path: data/processed.csv
      hash: md5
      md5: b975c8f12da10368db2920e3290ebfa5
      size: 4752
    - path: src/train.py
      hash: md5
      md5: 65b49059213158862256154f6aeaf796
      size: 698
    outs:
    - path: models/model.pkl
      hash: md5
      md5: 44fa9639514afe475854e6a289bd6244
      size: 1423
